
Microsoft Visual Studio Solution File, Format Version 12.00
# Visual Studio Version 17
VisualStudioVersion = 17.7.34024.191
MinimumVisualStudioVersion = 10.0.40219.1
Project("{FAE04EC0-301F-11D3-BF4B-00C04F79EFBC}") = "OgrenciEtutSistemi", "OgrenciEtutSistemi\OgrenciEtutSistemi.csproj", "{8EF28E80-FC36-4EEF-9BDF-CD1F567BE17F}"
EndProject
Global
	GlobalSection(SolutionConfigurationPlatforms) = preSolution
		Debug|Any CPU = Debug|Any CPU
		Release|Any CPU = Release|Any CPU
	EndGlobalSection
	GlobalSection(ProjectConfigurationPlatforms) = postSolution
		{8EF28E80-FC36-4EEF-9BDF-CD1F567BE17F}.Debug|Any CPU.ActiveCfg = Debug|Any CPU
		{8EF28E80-FC36-4EEF-9BDF-CD1F567BE17F}.Debug|Any CPU.Build.0 = Debug|Any CPU
		{8EF28E80-FC36-4EEF-9BDF-CD1F567BE17F}.Release|Any CPU.ActiveCfg = Release|Any CPU
		{8EF28E80-FC36-4EEF-9BDF-CD1F567BE17F}.Release|Any CPU.Build.0 = Release|Any CPU
	EndGlobalSection
	GlobalSection(SolutionProperties) = preSolution
		HideSolutionNode = FALSE
	EndGlobalSection
	GlobalSection(ExtensibilityGlobals) = postSolution
		SolutionGuid = {6BA8A38B-5A4B-406B-92A2-7D07357D731E}
	EndGlobalSection
EndGlobal
